// !$*UTF8*$!
{
	archiveVersion = 1;
	classes = {
	};
	objectVersion = 56;
	objects = {

/* Begin PBXBuildFile section */
		E42525C02994D78E006D56E1 /* SuiToggleApp.swift in Sources */ = {isa = PBXBuildFile; fileRef = E42525BF2994D78E006D56E1 /* SuiToggleApp.swift */; };
		E42525C22994D78E006D56E1 /* ContentView.swift in Sources */ = {isa = PBXBuildFile; fileRef = E42525C12994D78E006D56E1 /* ContentView.swift */; };
		E42525C42994D791006D56E1 /* Assets.xcassets in Resources */ = {isa = PBXBuildFile; fileRef = E42525C32994D791006D56E1 /* Assets.xcassets */; };
		E42525C82994D791006D56E1 /* Preview Assets.xcassets in Resources */ = {isa = PBXBuildFile; fileRef = E42525C72994D791006D56E1 /* Preview Assets.xcassets */; };
		E42525DC2994D792006D56E1 /* suiToggleUITests.swift in Sources */ = {isa = PBXBuildFile; fileRef = E42525DB2994D792006D56E1 /* suiToggleUITests.swift */; };
		E42525F02994DA4A006D56E1 /* ContentViewTestProxy.swift in Sources */ = {isa = PBXBuildFile; fileRef = E42525EF2994DA4A006D56E1 /* ContentViewTestProxy.swift */; };
		E42525F22994DBC4006D56E1 /* ContentViewA11y.swift in Sources */ = {isa = PBXBuildFile; fileRef = E42525EA2994D7ED006D56E1 /* ContentViewA11y.swift */; };
		E42525F32994DC36006D56E1 /* ContentViewA11y.swift in Sources */ = {isa = PBXBuildFile; fileRef = E42525EA2994D7ED006D56E1 /* ContentViewA11y.swift */; };
		E477E3B529959DCF002C5331 /* XCTestCase+toggle.swift in Sources */ = {isa = PBXBuildFile; fileRef = E477E3B429959DCF002C5331 /* XCTestCase+toggle.swift */; };
/* End PBXBuildFile section */

/* Begin PBXContainerItemProxy section */
		E42525D82994D792006D56E1 /* PBXContainerItemProxy */ = {
			isa = PBXContainerItemProxy;
			containerPortal = E42525B42994D78E006D56E1 /* Project object */;
			proxyType = 1;
			remoteGlobalIDString = E42525BB2994D78E006D56E1;
			remoteInfo = suiToggle;
		};
/* End PBXContainerItemProxy section */

/* Begin PBXFileReference section */
		E42525BC2994D78E006D56E1 /* suiToggle.app */ = {isa = PBXFileReference; explicitFileType = wrapper.application; includeInIndex = 0; path = suiToggle.app; sourceTree = BUILT_PRODUCTS_DIR; };
		E42525BF2994D78E006D56E1 /* SuiToggleApp.swift */ = {isa = PBXFileReference; lastKnownFileType = sourcecode.swift; path = SuiToggleApp.swift; sourceTree = "<group>"; };
		E42525C12994D78E006D56E1 /* ContentView.swift */ = {isa = PBXFileReference; lastKnownFileType = sourcecode.swift; path = ContentView.swift; sourceTree = "<group>"; };
		E42525C32994D791006D56E1 /* Assets.xcassets */ = {isa = PBXFileReference; lastKnownFileType = folder.assetcatalog; path = Assets.xcassets; sourceTree = "<group>"; };
		E42525C52994D791006D56E1 /* suiToggle.entitlements */ = {isa = PBXFileReference; lastKnownFileType = text.plist.entitlements; path = suiToggle.entitlements; sourceTree = "<group>"; };
		E42525C72994D791006D56E1 /* Preview Assets.xcassets */ = {isa = PBXFileReference; lastKnownFileType = folder.assetcatalog; path = "Preview Assets.xcassets"; sourceTree = "<group>"; };
		E42525D72994D792006D56E1 /* suiToggleUITests.xctest */ = {isa = PBXFileReference; explicitFileType = wrapper.cfbundle; includeInIndex = 0; path = suiToggleUITests.xctest; sourceTree = BUILT_PRODUCTS_DIR; };
		E42525DB2994D792006D56E1 /* suiToggleUITests.swift */ = {isa = PBXFileReference; lastKnownFileType = sourcecode.swift; path = suiToggleUITests.swift; sourceTree = "<group>"; };
		E42525EA2994D7ED006D56E1 /* ContentViewA11y.swift */ = {isa = PBXFileReference; lastKnownFileType = sourcecode.swift; path = ContentViewA11y.swift; sourceTree = "<group>"; };
		E42525ED2994D86A006D56E1 /* suiToggle.xctestplan */ = {isa = PBXFileReference; lastKnownFileType = text; path = suiToggle.xctestplan; sourceTree = "<group>"; };
		E42525EF2994DA4A006D56E1 /* ContentViewTestProxy.swift */ = {isa = PBXFileReference; lastKnownFileType = sourcecode.swift; path = ContentViewTestProxy.swift; sourceTree = "<group>"; };
		E477E3B429959DCF002C5331 /* XCTestCase+toggle.swift */ = {isa = PBXFileReference; lastKnownFileType = sourcecode.swift; path = "XCTestCase+toggle.swift"; sourceTree = "<group>"; };
/* End PBXFileReference section */

/* Begin PBXFrameworksBuildPhase section */
		E42525B92994D78E006D56E1 /* Frameworks */ = {
			isa = PBXFrameworksBuildPhase;
			buildActionMask = 2147483647;
			files = (
			);
			runOnlyForDeploymentPostprocessing = 0;
		};
		E42525D42994D792006D56E1 /* Frameworks */ = {
			isa = PBXFrameworksBuildPhase;
			buildActionMask = 2147483647;
			files = (
			);
			runOnlyForDeploymentPostprocessing = 0;
		};
/* End PBXFrameworksBuildPhase section */

/* Begin PBXGroup section */
		E42525B32994D78E006D56E1 = {
			isa = PBXGroup;
			children = (
				E42525ED2994D86A006D56E1 /* suiToggle.xctestplan */,
				E42525BE2994D78E006D56E1 /* suiToggle */,
				E42525DA2994D792006D56E1 /* suiToggleUITests */,
				E42525BD2994D78E006D56E1 /* Products */,
			);
			sourceTree = "<group>";
		};
		E42525BD2994D78E006D56E1 /* Products */ = {
			isa = PBXGroup;
			children = (
				E42525BC2994D78E006D56E1 /* suiToggle.app */,
				E42525D72994D792006D56E1 /* suiToggleUITests.xctest */,
			);
			name = Products;
			sourceTree = "<group>";
		};
		E42525BE2994D78E006D56E1 /* suiToggle */ = {
			isa = PBXGroup;
			children = (
				E42525BF2994D78E006D56E1 /* SuiToggleApp.swift */,
				E42525C12994D78E006D56E1 /* ContentView.swift */,
				E42525EA2994D7ED006D56E1 /* ContentViewA11y.swift */,
				E42525C32994D791006D56E1 /* Assets.xcassets */,
				E42525C52994D791006D56E1 /* suiToggle.entitlements */,
				E42525C62994D791006D56E1 /* Preview Content */,
			);
			path = suiToggle;
			sourceTree = "<group>";
		};
		E42525C62994D791006D56E1 /* Preview Content */ = {
			isa = PBXGroup;
			children = (
				E42525C72994D791006D56E1 /* Preview Assets.xcassets */,
			);
			path = "Preview Content";
			sourceTree = "<group>";
		};
		E42525DA2994D792006D56E1 /* suiToggleUITests */ = {
			isa = PBXGroup;
			children = (
				E42525DB2994D792006D56E1 /* suiToggleUITests.swift */,
				E42525EE2994DA34006D56E1 /* view-proxies */,
				E477E3B329959C42002C5331 /* xctest */,
			);
			path = suiToggleUITests;
			sourceTree = "<group>";
		};
		E42525EE2994DA34006D56E1 /* view-proxies */ = {
			isa = PBXGroup;
			children = (
				E42525EF2994DA4A006D56E1 /* ContentViewTestProxy.swift */,
			);
			path = "view-proxies";
			sourceTree = "<group>";
		};
		E477E3B329959C42002C5331 /* xctest */ = {
			isa = PBXGroup;
			children = (
				E477E3B429959DCF002C5331 /* XCTestCase+toggle.swift */,
			);
			path = xctest;
			sourceTree = "<group>";
		};
/* End PBXGroup section */

/* Begin PBXNativeTarget section */
		E42525BB2994D78E006D56E1 /* suiToggle */ = {
			isa = PBXNativeTarget;
			buildConfigurationList = E42525E12994D792006D56E1 /* Build configuration list for PBXNativeTarget "suiToggle" */;
			buildPhases = (
				E42525B82994D78E006D56E1 /* Sources */,
				E42525B92994D78E006D56E1 /* Frameworks */,
				E42525BA2994D78E006D56E1 /* Resources */,
			);
			buildRules = (
			);
			dependencies = (
			);
			name = suiToggle;
			productName = suiToggle;
			productReference = E42525BC2994D78E006D56E1 /* suiToggle.app */;
			productType = "com.apple.product-type.application";
		};
		E42525D62994D792006D56E1 /* suiToggleUITests */ = {
			isa = PBXNativeTarget;
			buildConfigurationList = E42525E72994D792006D56E1 /* Build configuration list for PBXNativeTarget "suiToggleUITests" */;
			buildPhases = (
				E42525D32994D792006D56E1 /* Sources */,
				E42525D42994D792006D56E1 /* Frameworks */,
				E42525D52994D792006D56E1 /* Resources */,
			);
			buildRules = (
			);
			dependencies = (
				E42525D92994D792006D56E1 /* PBXTargetDependency */,
			);
			name = suiToggleUITests;
			productName = suiToggleUITests;
			productReference = E42525D72994D792006D56E1 /* suiToggleUITests.xctest */;
			productType = "com.apple.product-type.bundle.ui-testing";
		};
/* End PBXNativeTarget section */

/* Begin PBXProject section */
		E42525B42994D78E006D56E1 /* Project object */ = {
			isa = PBXProject;
			attributes = {
				BuildIndependentTargetsInParallel = 1;
				LastSwiftUpdateCheck = 1420;
				LastUpgradeCheck = 1420;
				TargetAttributes = {
					E42525BB2994D78E006D56E1 = {
						CreatedOnToolsVersion = 14.2;
					};
					E42525D62994D792006D56E1 = {
						CreatedOnToolsVersion = 14.2;
						TestTargetID = E42525BB2994D78E006D56E1;
					};
				};
			};
			buildConfigurationList = E42525B72994D78E006D56E1 /* Build configuration list for PBXProject "suiToggle" */;
			compatibilityVersion = "Xcode 14.0";
			developmentRegion = en;
			hasScannedForEncodings = 0;
			knownRegions = (
				en,
				Base,
			);
			mainGroup = E42525B32994D78E006D56E1;
			productRefGroup = E42525BD2994D78E006D56E1 /* Products */;
			projectDirPath = "";
			projectRoot = "";
			targets = (
				E42525BB2994D78E006D56E1 /* suiToggle */,
				E42525D62994D792006D56E1 /* suiToggleUITests */,
			);
		};
/* End PBXProject section */

/* Begin PBXResourcesBuildPhase section */
		E42525BA2994D78E006D56E1 /* Resources */ = {
			isa = PBXResourcesBuildPhase;
			buildActionMask = 2147483647;
			files = (
				E42525C82994D791006D56E1 /* Preview Assets.xcassets in Resources */,
				E42525C42994D791006D56E1 /* Assets.xcassets in Resources */,
			);
			runOnlyForDeploymentPostprocessing = 0;
		};
		E42525D52994D792006D56E1 /* Resources */ = {
			isa = PBXResourcesBuildPhase;
			buildActionMask = 2147483647;
			files = (
			);
			runOnlyForDeploymentPostprocessing = 0;
		};
/* End PBXResourcesBuildPhase section */

/* Begin PBXSourcesBuildPhase section */
		E42525B82994D78E006D56E1 /* Sources */ = {
			isa = PBXSourcesBuildPhase;
			buildActionMask = 2147483647;
			files = (
				E42525F22994DBC4006D56E1 /* ContentViewA11y.swift in Sources */,
				E42525C22994D78E006D56E1 /* ContentView.swift in Sources */,
				E42525C02994D78E006D56E1 /* SuiToggleApp.swift in Sources */,
			);
			runOnlyForDeploymentPostprocessing = 0;
		};
		E42525D32994D792006D56E1 /* Sources */ = {
			isa = PBXSourcesBuildPhase;
			buildActionMask = 2147483647;
			files = (
				E42525F02994DA4A006D56E1 /* ContentViewTestProxy.swift in Sources */,
				E42525F32994DC36006D56E1 /* ContentViewA11y.swift in Sources */,
				E477E3B529959DCF002C5331 /* XCTestCase+toggle.swift in Sources */,
				E42525DC2994D792006D56E1 /* suiToggleUITests.swift in Sources */,
			);
			runOnlyForDeploymentPostprocessing = 0;
		};
/* End PBXSourcesBuildPhase section */

/* Begin PBXTargetDependency section */
		E42525D92994D792006D56E1 /* PBXTargetDependency */ = {
			isa = PBXTargetDependency;
			target = E42525BB2994D78E006D56E1 /* suiToggle */;
			targetProxy = E42525D82994D792006D56E1 /* PBXContainerItemProxy */;
		};
/* End PBXTargetDependency section */

/* Begin XCBuildConfiguration section */
		E42525DF2994D792006D56E1 /* Debug */ = {
			isa = XCBuildConfiguration;
			buildSettings = {
				ALWAYS_SEARCH_USER_PATHS = NO;
				CLANG_ANALYZER_NONNULL = YES;
				CLANG_ANALYZER_NUMBER_OBJECT_CONVERSION = YES_AGGRESSIVE;
				CLANG_CXX_LANGUAGE_STANDARD = "gnu++20";
				CLANG_ENABLE_MODULES = YES;
				CLANG_ENABLE_OBJC_ARC = YES;
				CLANG_ENABLE_OBJC_WEAK = YES;
				CLANG_WARN_BLOCK_CAPTURE_AUTORELEASING = YES;
				CLANG_WARN_BOOL_CONVERSION = YES;
				CLANG_WARN_COMMA = YES;
				CLANG_WARN_CONSTANT_CONVERSION = YES;
				CLANG_WARN_DEPRECATED_OBJC_IMPLEMENTATIONS = YES;
				CLANG_WARN_DIRECT_OBJC_ISA_USAGE = YES_ERROR;
				CLANG_WARN_DOCUMENTATION_COMMENTS = YES;
				CLANG_WARN_EMPTY_BODY = YES;
				CLANG_WARN_ENUM_CONVERSION = YES;
				CLANG_WARN_INFINITE_RECURSION = YES;
				CLANG_WARN_INT_CONVERSION = YES;
				CLANG_WARN_NON_LITERAL_NULL_CONVERSION = YES;
				CLANG_WARN_OBJC_IMPLICIT_RETAIN_SELF = YES;
				CLANG_WARN_OBJC_LITERAL_CONVERSION = YES;
				CLANG_WARN_OBJC_ROOT_CLASS = YES_ERROR;
				CLANG_WARN_QUOTED_INCLUDE_IN_FRAMEWORK_HEADER = YES;
				CLANG_WARN_RANGE_LOOP_ANALYSIS = YES;
				CLANG_WARN_STRICT_PROTOTYPES = YES;
				CLANG_WARN_SUSPICIOUS_MOVE = YES;
				CLANG_WARN_UNGUARDED_AVAILABILITY = YES_AGGRESSIVE;
				CLANG_WARN_UNREACHABLE_CODE = YES;
				CLANG_WARN__DUPLICATE_METHOD_MATCH = YES;
				COPY_PHASE_STRIP = NO;
				DEBUG_INFORMATION_FORMAT = dwarf;
				ENABLE_STRICT_OBJC_MSGSEND = YES;
				ENABLE_TESTABILITY = YES;
				GCC_C_LANGUAGE_STANDARD = gnu11;
				GCC_DYNAMIC_NO_PIC = NO;
				GCC_NO_COMMON_BLOCKS = YES;
				GCC_OPTIMIZATION_LEVEL = 0;
				GCC_PREPROCESSOR_DEFINITIONS = (
					"DEBUG=1",
					"$(inherited)",
				);
				GCC_WARN_64_TO_32_BIT_CONVERSION = YES;
				GCC_WARN_ABOUT_RETURN_TYPE = YES_ERROR;
				GCC_WARN_UNDECLARED_SELECTOR = YES;
				GCC_WARN_UNINITIALIZED_AUTOS = YES_AGGRESSIVE;
				GCC_WARN_UNUSED_FUNCTION = YES;
				GCC_WARN_UNUSED_VARIABLE = YES;
				MTL_ENABLE_DEBUG_INFO = INCLUDE_SOURCE;
				MTL_FAST_MATH = YES;
				ONLY_ACTIVE_ARCH = YES;
				SWIFT_ACTIVE_COMPILATION_CONDITIONS = DEBUG;
				SWIFT_OPTIMIZATION_LEVEL = "-Onone";
			};
			name = Debug;
		};
		E42525E02994D792006D56E1 /* Release */ = {
			isa = XCBuildConfiguration;
			buildSettings = {
				ALWAYS_SEARCH_USER_PATHS = NO;
				CLANG_ANALYZER_NONNULL = YES;
				CLANG_ANALYZER_NUMBER_OBJECT_CONVERSION = YES_AGGRESSIVE;
				CLANG_CXX_LANGUAGE_STANDARD = "gnu++20";
				CLANG_ENABLE_MODULES = YES;
				CLANG_ENABLE_OBJC_ARC = YES;
				CLANG_ENABLE_OBJC_WEAK = YES;
				CLANG_WARN_BLOCK_CAPTURE_AUTORELEASING = YES;
				CLANG_WARN_BOOL_CONVERSION = YES;
				CLANG_WARN_COMMA = YES;
				CLANG_WARN_CONSTANT_CONVERSION = YES;
				CLANG_WARN_DEPRECATED_OBJC_IMPLEMENTATIONS = YES;
				CLANG_WARN_DIRECT_OBJC_ISA_USAGE = YES_ERROR;
				CLANG_WARN_DOCUMENTATION_COMMENTS = YES;
				CLANG_WARN_EMPTY_BODY = YES;
				CLANG_WARN_ENUM_CONVERSION = YES;
				CLANG_WARN_INFINITE_RECURSION = YES;
				CLANG_WARN_INT_CONVERSION = YES;
				CLANG_WARN_NON_LITERAL_NULL_CONVERSION = YES;
				CLANG_WARN_OBJC_IMPLICIT_RETAIN_SELF = YES;
				CLANG_WARN_OBJC_LITERAL_CONVERSION = YES;
				CLANG_WARN_OBJC_ROOT_CLASS = YES_ERROR;
				CLANG_WARN_QUOTED_INCLUDE_IN_FRAMEWORK_HEADER = YES;
				CLANG_WARN_RANGE_LOOP_ANALYSIS = YES;
				CLANG_WARN_STRICT_PROTOTYPES = YES;
				CLANG_WARN_SUSPICIOUS_MOVE = YES;
				CLANG_WARN_UNGUARDED_AVAILABILITY = YES_AGGRESSIVE;
				CLANG_WARN_UNREACHABLE_CODE = YES;
				CLANG_WARN__DUPLICATE_METHOD_MATCH = YES;
				COPY_PHASE_STRIP = NO;
				DEBUG_INFORMATION_FORMAT = "dwarf-with-dsym";
				ENABLE_NS_ASSERTIONS = NO;
				ENABLE_STRICT_OBJC_MSGSEND = YES;
				GCC_C_LANGUAGE_STANDARD = gnu11;
				GCC_NO_COMMON_BLOCKS = YES;
				GCC_WARN_64_TO_32_BIT_CONVERSION = YES;
				GCC_WARN_ABOUT_RETURN_TYPE = YES_ERROR;
				GCC_WARN_UNDECLARED_SELECTOR = YES;
				GCC_WARN_UNINITIALIZED_AUTOS = YES_AGGRESSIVE;
				GCC_WARN_UNUSED_FUNCTION = YES;
				GCC_WARN_UNUSED_VARIABLE = YES;
				MTL_ENABLE_DEBUG_INFO = NO;
				MTL_FAST_MATH = YES;
				SWIFT_COMPILATION_MODE = wholemodule;
				SWIFT_OPTIMIZATION_LEVEL = "-O";
			};
			name = Release;
		};
		E42525E22994D792006D56E1 /* Debug */ = {
			isa = XCBuildConfiguration;
			buildSettings = {
				ASSETCATALOG_COMPILER_APPICON_NAME = AppIcon;
				ASSETCATALOG_COMPILER_GLOBAL_ACCENT_COLOR_NAME = AccentColor;
				CODE_SIGN_ENTITLEMENTS = suiToggle/suiToggle.entitlements;
				CODE_SIGN_STYLE = Automatic;
				CURRENT_PROJECT_VERSION = 1;
				DEVELOPMENT_ASSET_PATHS = "\"suiToggle/Preview Content\"";
				DEVELOPMENT_TEAM = 26C837US6J;
				ENABLE_HARDENED_RUNTIME = YES;
				ENABLE_PREVIEWS = YES;
				GENERATE_INFOPLIST_FILE = YES;
				"INFOPLIST_KEY_UIApplicationSceneManifest_Generation[sdk=iphoneos*]" = YES;
				"INFOPLIST_KEY_UIApplicationSceneManifest_Generation[sdk=iphonesimulator*]" = YES;
				"INFOPLIST_KEY_UIApplicationSupportsIndirectInputEvents[sdk=iphoneos*]" = YES;
				"INFOPLIST_KEY_UIApplicationSupportsIndirectInputEvents[sdk=iphonesimulator*]" = YES;
				"INFOPLIST_KEY_UILaunchScreen_Generation[sdk=iphoneos*]" = YES;
				"INFOPLIST_KEY_UILaunchScreen_Generation[sdk=iphonesimulator*]" = YES;
				"INFOPLIST_KEY_UIStatusBarStyle[sdk=iphoneos*]" = UIStatusBarStyleDefault;
				"INFOPLIST_KEY_UIStatusBarStyle[sdk=iphonesimulator*]" = UIStatusBarStyleDefault;
				INFOPLIST_KEY_UISupportedInterfaceOrientations_iPad = "UIInterfaceOrientationPortrait UIInterfaceOrientationPortraitUpsideDown UIInterfaceOrientationLandscapeLeft UIInterfaceOrientationLandscapeRight";
				INFOPLIST_KEY_UISupportedInterfaceOrientations_iPhone = "UIInterfaceOrientationPortrait UIInterfaceOrientationLandscapeLeft UIInterfaceOrientationLandscapeRight";
				IPHONEOS_DEPLOYMENT_TARGET = 16.2;
				LD_RUNPATH_SEARCH_PATHS = "@executable_path/Frameworks";
				"LD_RUNPATH_SEARCH_PATHS[sdk=macosx*]" = "@executable_path/../Frameworks";
				MACOSX_DEPLOYMENT_TARGET = 13.1;
				MARKETING_VERSION = 1.0;
				PRODUCT_BUNDLE_IDENTIFIER = fr.sylvaingamel.suiToggle;
				PRODUCT_NAME = "$(TARGET_NAME)";
				SDKROOT = auto;
				SUPPORTED_PLATFORMS = "iphoneos iphonesimulator macosx";
				SWIFT_EMIT_LOC_STRINGS = YES;
				SWIFT_VERSION = 5.0;
				TARGETED_DEVICE_FAMILY = "1,2";
			};
			name = Debug;
		};
		E42525E32994D792006D56E1 /* Release */ = {
			isa = XCBuildConfiguration;
			buildSettings = {
				ASSETCATALOG_COMPILER_APPICON_NAME = AppIcon;
				ASSETCATALOG_COMPILER_GLOBAL_ACCENT_COLOR_NAME = AccentColor;
				CODE_SIGN_ENTITLEMENTS = suiToggle/suiToggle.entitlements;
				CODE_SIGN_STYLE = Automatic;
				CURRENT_PROJECT_VERSION = 1;
				DEVELOPMENT_ASSET_PATHS = "\"suiToggle/Preview Content\"";
				DEVELOPMENT_TEAM = 26C837US6J;
				ENABLE_HARDENED_RUNTIME = YES;
				ENABLE_PREVIEWS = YES;
				GENERATE_INFOPLIST_FILE = YES;
				"INFOPLIST_KEY_UIApplicationSceneManifest_Generation[sdk=iphoneos*]" = YES;
				"INFOPLIST_KEY_UIApplicationSceneManifest_Generation[sdk=iphonesimulator*]" = YES;
				"INFOPLIST_KEY_UIApplicationSupportsIndirectInputEvents[sdk=iphoneos*]" = YES;
				"INFOPLIST_KEY_UIApplicationSupportsIndirectInputEvents[sdk=iphonesimulator*]" = YES;
				"INFOPLIST_KEY_UILaunchScreen_Generation[sdk=iphoneos*]" = YES;
				"INFOPLIST_KEY_UILaunchScreen_Generation[sdk=iphonesimulator*]" = YES;
				"INFOPLIST_KEY_UIStatusBarStyle[sdk=iphoneos*]" = UIStatusBarStyleDefault;
				"INFOPLIST_KEY_UIStatusBarStyle[sdk=iphonesimulator*]" = UIStatusBarStyleDefault;
				INFOPLIST_KEY_UISupportedInterfaceOrientations_iPad = "UIInterfaceOrientationPortrait UIInterfaceOrientationPortraitUpsideDown UIInterfaceOrientationLandscapeLeft UIInterfaceOrientationLandscapeRight";
				INFOPLIST_KEY_UISupportedInterfaceOrientations_iPhone = "UIInterfaceOrientationPortrait UIInterfaceOrientationLandscapeLeft UIInterfaceOrientationLandscapeRight";
				IPHONEOS_DEPLOYMENT_TARGET = 16.2;
				LD_RUNPATH_SEARCH_PATHS = "@executable_path/Frameworks";
				"LD_RUNPATH_SEARCH_PATHS[sdk=macosx*]" = "@executable_path/../Frameworks";
				MACOSX_DEPLOYMENT_TARGET = 13.1;
				MARKETING_VERSION = 1.0;
				PRODUCT_BUNDLE_IDENTIFIER = fr.sylvaingamel.suiToggle;
				PRODUCT_NAME = "$(TARGET_NAME)";
				SDKROOT = auto;
				SUPPORTED_PLATFORMS = "iphoneos iphonesimulator macosx";
				SWIFT_EMIT_LOC_STRINGS = YES;
				SWIFT_VERSION = 5.0;
				TARGETED_DEVICE_FAMILY = "1,2";
			};
			name = Release;
		};
		E42525E82994D792006D56E1 /* Debug */ = {
			isa = XCBuildConfiguration;
			buildSettings = {
				ALWAYS_EMBED_SWIFT_STANDARD_LIBRARIES = YES;
				CODE_SIGN_STYLE = Automatic;
				CURRENT_PROJECT_VERSION = 1;
				DEVELOPMENT_TEAM = 26C837US6J;
				GENERATE_INFOPLIST_FILE = YES;
				IPHONEOS_DEPLOYMENT_TARGET = 16.2;
				MACOSX_DEPLOYMENT_TARGET = 13.1;
				MARKETING_VERSION = 1.0;
				PRODUCT_BUNDLE_IDENTIFIER = fr.sylvaingamel.suiToggleUITests;
				PRODUCT_NAME = "$(TARGET_NAME)";
				SDKROOT = auto;
				SUPPORTED_PLATFORMS = "iphoneos iphonesimulator macosx";
				SWIFT_EMIT_LOC_STRINGS = NO;
				SWIFT_VERSION = 5.0;
				TARGETED_DEVICE_FAMILY = "1,2";
				TEST_TARGET_NAME = suiToggle;
			};
			name = Debug;
		};
		E42525E92994D792006D56E1 /* Release */ = {
			isa = XCBuildConfiguration;
			buildSettings = {
				ALWAYS_EMBED_SWIFT_STANDARD_LIBRARIES = YES;
				CODE_SIGN_STYLE = Automatic;
				CURRENT_PROJECT_VERSION = 1;
				DEVELOPMENT_TEAM = 26C837US6J;
				GENERATE_INFOPLIST_FILE = YES;
				IPHONEOS_DEPLOYMENT_TARGET = 16.2;
				MACOSX_DEPLOYMENT_TARGET = 13.1;
				MARKETING_VERSION = 1.0;
				PRODUCT_BUNDLE_IDENTIFIER = fr.sylvaingamel.suiToggleUITests;
				PRODUCT_NAME = "$(TARGET_NAME)";
				SDKROOT = auto;
				SUPPORTED_PLATFORMS = "iphoneos iphonesimulator macosx";
				SWIFT_EMIT_LOC_STRINGS = NO;
				SWIFT_VERSION = 5.0;
				TARGETED_DEVICE_FAMILY = "1,2";
				TEST_TARGET_NAME = suiToggle;
			};
			name = Release;
		};
/* End XCBuildConfiguration section */

/* Begin XCConfigurationList section */
		E42525B72994D78E006D56E1 /* Build configuration list for PBXProject "suiToggle" */ = {
			isa = XCConfigurationList;
			buildConfigurations = (
				E42525DF2994D792006D56E1 /* Debug */,
				E42525E02994D792006D56E1 /* Release */,
			);
			defaultConfigurationIsVisible = 0;
			defaultConfigurationName = Release;
		};
		E42525E12994D792006D56E1 /* Build configuration list for PBXNativeTarget "suiToggle" */ = {
			isa = XCConfigurationList;
			buildConfigurations = (
				E42525E22994D792006D56E1 /* Debug */,
				E42525E32994D792006D56E1 /* Release */,
			);
			defaultConfigurationIsVisible = 0;
			defaultConfigurationName = Release;
		};
		E42525E72994D792006D56E1 /* Build configuration list for PBXNativeTarget "suiToggleUITests" */ = {
			isa = XCConfigurationList;
			buildConfigurations = (
				E42525E82994D792006D56E1 /* Debug */,
				E42525E92994D792006D56E1 /* Release */,
			);
			defaultConfigurationIsVisible = 0;
			defaultConfigurationName = Release;
		};
/* End XCConfigurationList section */
	};
	rootObject = E42525B42994D78E006D56E1 /* Project object */;
}
